
Microsoft Visual Studio Solution File, Format Version 12.00
# Visual Studio Version 17
VisualStudioVersion = 17.5.33414.496
MinimumVisualStudioVersion = 10.0.40219.1
Project("{9A19103F-16F7-4668-BE54-9A1E7A4F7556}") = "LEARNING_CENTRE_PROJECT", "LEARNING_CENTRE_PROJECT\LEARNING_CENTRE_PROJECT.csproj", "{9833A034-7F7F-4C9B-B617-89DEE806F196}"
EndProject
Project("{2150E333-8FDC-42A3-9474-1A3956D46DE8}") = "API", "API", "{12D4BB15-1636-4F6A-82E8-9A6352A5D985}"
EndProject
Project("{2150E333-8FDC-42A3-9474-1A3956D46DE8}") = "INFRASTRUCTURE", "INFRASTRUCTURE", "{84715089-14A5-4F50-B644-1DFF56ECD435}"
EndProject
Project("{9A19103F-16F7-4668-BE54-9A1E7A4F7556}") = "LearningCentre.Infra.Domain", "LearningCentre.Infra.Domain\LearningCentre.Infra.Domain.csproj", "{9046A9E0-94D2-49EA-A21A-ADF8396AA449}"
EndProject
Project("{9A19103F-16F7-4668-BE54-9A1E7A4F7556}") = "LearningCentre.Infra.Contract", "LearningCentre.Infra.Contract\LearningCentre.Infra.Contract.csproj", "{B1322594-7A28-40F9-B907-E545B67F8DA1}"
EndProject
Project("{9A19103F-16F7-4668-BE54-9A1E7A4F7556}") = "LearningCentre.Infra.Repo", "LearningCentre.Infra.Repo\LearningCentre.Infra.Repo.csproj", "{1171EC17-8CD3-4573-8B66-57EB925AD6A4}"
EndProject
Project("{2150E333-8FDC-42A3-9474-1A3956D46DE8}") = "CORE", "CORE", "{36FE5404-C796-4A5B-A7C2-5CA784DAD93A}"
EndProject
Project("{2150E333-8FDC-42A3-9474-1A3956D46DE8}") = "SHARED", "SHARED", "{60FF9C86-106D-44F1-89B5-C2A54066722D}"
EndProject
Project("{2150E333-8FDC-42A3-9474-1A3956D46DE8}") = "TEST", "TEST", "{15227E4C-93EA-42D1-8414-F80E237D761D}"
EndProject
Project("{9A19103F-16F7-4668-BE54-9A1E7A4F7556}") = "LearningCentre.Core.Contract", "LearningCentre.Core.Contract\LearningCentre.Core.Contract.csproj", "{BBD40370-81D1-4409-A0A6-41221ABC0404}"
EndProject
Project("{9A19103F-16F7-4668-BE54-9A1E7A4F7556}") = "LearningCentre.Core.Domain", "LearningCentre.Core.Domain\LearningCentre.Core.Domain.csproj", "{F9833CD5-377F-4AE9-9535-BD338D336218}"
EndProject
Project("{9A19103F-16F7-4668-BE54-9A1E7A4F7556}") = "LearningCentre.Core.Services", "LearningCentre.Core.Services\LearningCentre.Core.Services.csproj", "{89B598E0-BF18-4EFD-8C94-7199CE9E394D}"
EndProject
Project("{9A19103F-16F7-4668-BE54-9A1E7A4F7556}") = "LearningCentre.Shared", "LearningCentre.Shared\LearningCentre.Shared.csproj", "{DF95CF19-A6D1-436B-B1FD-D34B898DB8A2}"
EndProject
Project("{9A19103F-16F7-4668-BE54-9A1E7A4F7556}") = "LearningCentre.Core.Builder", "LearningCentre.Core.Builder\LearningCentre.Core.Builder.csproj", "{88344922-A46D-4501-A2B2-143E84933A0B}"
EndProject
Project("{FAE04EC0-301F-11D3-BF4B-00C04F79EFBC}") = "ServiceTests", "ServiceTests\ServiceTests.csproj", "{9DDEA179-0285-48A5-973C-2C6E5625138C}"
EndProject
Global
	GlobalSection(SolutionConfigurationPlatforms) = preSolution
		Debug|Any CPU = Debug|Any CPU
		Release|Any CPU = Release|Any CPU
	EndGlobalSection
	GlobalSection(ProjectConfigurationPlatforms) = postSolution
		{9833A034-7F7F-4C9B-B617-89DEE806F196}.Debug|Any CPU.ActiveCfg = Debug|Any CPU
		{9833A034-7F7F-4C9B-B617-89DEE806F196}.Debug|Any CPU.Build.0 = Debug|Any CPU
		{9833A034-7F7F-4C9B-B617-89DEE806F196}.Release|Any CPU.ActiveCfg = Release|Any CPU
		{9833A034-7F7F-4C9B-B617-89DEE806F196}.Release|Any CPU.Build.0 = Release|Any CPU
		{9046A9E0-94D2-49EA-A21A-ADF8396AA449}.Debug|Any CPU.ActiveCfg = Debug|Any CPU
		{9046A9E0-94D2-49EA-A21A-ADF8396AA449}.Debug|Any CPU.Build.0 = Debug|Any CPU
		{9046A9E0-94D2-49EA-A21A-ADF8396AA449}.Release|Any CPU.ActiveCfg = Release|Any CPU
		{9046A9E0-94D2-49EA-A21A-ADF8396AA449}.Release|Any CPU.Build.0 = Release|Any CPU
		{B1322594-7A28-40F9-B907-E545B67F8DA1}.Debug|Any CPU.ActiveCfg = Debug|Any CPU
		{B1322594-7A28-40F9-B907-E545B67F8DA1}.Debug|Any CPU.Build.0 = Debug|Any CPU
		{B1322594-7A28-40F9-B907-E545B67F8DA1}.Release|Any CPU.ActiveCfg = Release|Any CPU
		{B1322594-7A28-40F9-B907-E545B67F8DA1}.Release|Any CPU.Build.0 = Release|Any CPU
		{1171EC17-8CD3-4573-8B66-57EB925AD6A4}.Debug|Any CPU.ActiveCfg = Debug|Any CPU
		{1171EC17-8CD3-4573-8B66-57EB925AD6A4}.Debug|Any CPU.Build.0 = Debug|Any CPU
		{1171EC17-8CD3-4573-8B66-57EB925AD6A4}.Release|Any CPU.ActiveCfg = Release|Any CPU
		{1171EC17-8CD3-4573-8B66-57EB925AD6A4}.Release|Any CPU.Build.0 = Release|Any CPU
		{BBD40370-81D1-4409-A0A6-41221ABC0404}.Debug|Any CPU.ActiveCfg = Debug|Any CPU
		{BBD40370-81D1-4409-A0A6-41221ABC0404}.Debug|Any CPU.Build.0 = Debug|Any CPU
		{BBD40370-81D1-4409-A0A6-41221ABC0404}.Release|Any CPU.ActiveCfg = Release|Any CPU
		{BBD40370-81D1-4409-A0A6-41221ABC0404}.Release|Any CPU.Build.0 = Release|Any CPU
		{F9833CD5-377F-4AE9-9535-BD338D336218}.Debug|Any CPU.ActiveCfg = Debug|Any CPU
		{F9833CD5-377F-4AE9-9535-BD338D336218}.Debug|Any CPU.Build.0 = Debug|Any CPU
		{F9833CD5-377F-4AE9-9535-BD338D336218}.Release|Any CPU.ActiveCfg = Release|Any CPU
		{F9833CD5-377F-4AE9-9535-BD338D336218}.Release|Any CPU.Build.0 = Release|Any CPU
		{89B598E0-BF18-4EFD-8C94-7199CE9E394D}.Debug|Any CPU.ActiveCfg = Debug|Any CPU
		{89B598E0-BF18-4EFD-8C94-7199CE9E394D}.Debug|Any CPU.Build.0 = Debug|Any CPU
		{89B598E0-BF18-4EFD-8C94-7199CE9E394D}.Release|Any CPU.ActiveCfg = Release|Any CPU
		{89B598E0-BF18-4EFD-8C94-7199CE9E394D}.Release|Any CPU.Build.0 = Release|Any CPU
		{DF95CF19-A6D1-436B-B1FD-D34B898DB8A2}.Debug|Any CPU.ActiveCfg = Debug|Any CPU
		{DF95CF19-A6D1-436B-B1FD-D34B898DB8A2}.Debug|Any CPU.Build.0 = Debug|Any CPU
		{DF95CF19-A6D1-436B-B1FD-D34B898DB8A2}.Release|Any CPU.ActiveCfg = Release|Any CPU
		{DF95CF19-A6D1-436B-B1FD-D34B898DB8A2}.Release|Any CPU.Build.0 = Release|Any CPU
		{88344922-A46D-4501-A2B2-143E84933A0B}.Debug|Any CPU.ActiveCfg = Debug|Any CPU
		{88344922-A46D-4501-A2B2-143E84933A0B}.Debug|Any CPU.Build.0 = Debug|Any CPU
		{88344922-A46D-4501-A2B2-143E84933A0B}.Release|Any CPU.ActiveCfg = Release|Any CPU
		{88344922-A46D-4501-A2B2-143E84933A0B}.Release|Any CPU.Build.0 = Release|Any CPU
		{9DDEA179-0285-48A5-973C-2C6E5625138C}.Debug|Any CPU.ActiveCfg = Debug|Any CPU
		{9DDEA179-0285-48A5-973C-2C6E5625138C}.Debug|Any CPU.Build.0 = Debug|Any CPU
		{9DDEA179-0285-48A5-973C-2C6E5625138C}.Release|Any CPU.ActiveCfg = Release|Any CPU
		{9DDEA179-0285-48A5-973C-2C6E5625138C}.Release|Any CPU.Build.0 = Release|Any CPU
	EndGlobalSection
	GlobalSection(SolutionProperties) = preSolution
		HideSolutionNode = FALSE
	EndGlobalSection
	GlobalSection(NestedProjects) = preSolution
		{9833A034-7F7F-4C9B-B617-89DEE806F196} = {12D4BB15-1636-4F6A-82E8-9A6352A5D985}
		{9046A9E0-94D2-49EA-A21A-ADF8396AA449} = {84715089-14A5-4F50-B644-1DFF56ECD435}
		{B1322594-7A28-40F9-B907-E545B67F8DA1} = {84715089-14A5-4F50-B644-1DFF56ECD435}
		{1171EC17-8CD3-4573-8B66-57EB925AD6A4} = {84715089-14A5-4F50-B644-1DFF56ECD435}
		{BBD40370-81D1-4409-A0A6-41221ABC0404} = {36FE5404-C796-4A5B-A7C2-5CA784DAD93A}
		{F9833CD5-377F-4AE9-9535-BD338D336218} = {36FE5404-C796-4A5B-A7C2-5CA784DAD93A}
		{89B598E0-BF18-4EFD-8C94-7199CE9E394D} = {36FE5404-C796-4A5B-A7C2-5CA784DAD93A}
		{DF95CF19-A6D1-436B-B1FD-D34B898DB8A2} = {60FF9C86-106D-44F1-89B5-C2A54066722D}
		{88344922-A46D-4501-A2B2-143E84933A0B} = {36FE5404-C796-4A5B-A7C2-5CA784DAD93A}
		{9DDEA179-0285-48A5-973C-2C6E5625138C} = {15227E4C-93EA-42D1-8414-F80E237D761D}
	EndGlobalSection
	GlobalSection(ExtensibilityGlobals) = postSolution
		SolutionGuid = {BF7BDD5D-517F-4A53-8E53-AAB8FF707B68}
	EndGlobalSection
EndGlobal
